
Microsoft Visual Studio Solution File, Format Version 12.00
# Visual Studio Version 17
VisualStudioVersion = 17.0.31919.166
MinimumVisualStudioVersion = 10.0.40219.1
Project("{FAE04EC0-301F-11D3-BF4B-00C04F79EFBC}") = "Aula-07", "Aula-07\Aula-07.csproj", "{8268432F-3997-4C9D-ABAA-58764B627679}"
EndProject
Global
	GlobalSection(SolutionConfigurationPlatforms) = preSolution
		Debug|Any CPU = Debug|Any CPU
		Release|Any CPU = Release|Any CPU
	EndGlobalSection
	GlobalSection(ProjectConfigurationPlatforms) = postSolution
		{8268432F-3997-4C9D-ABAA-58764B627679}.Debug|Any CPU.ActiveCfg = Debug|Any CPU
		{8268432F-3997-4C9D-ABAA-58764B627679}.Debug|Any CPU.Build.0 = Debug|Any CPU
		{8268432F-3997-4C9D-ABAA-58764B627679}.Release|Any CPU.ActiveCfg = Release|Any CPU
		{8268432F-3997-4C9D-ABAA-58764B627679}.Release|Any CPU.Build.0 = Release|Any CPU
	EndGlobalSection
	GlobalSection(SolutionProperties) = preSolution
		HideSolutionNode = FALSE
	EndGlobalSection
	GlobalSection(ExtensibilityGlobals) = postSolution
		SolutionGuid = {3C82949A-6AD1-4F4C-8EF8-02330713C1DF}
	EndGlobalSection
EndGlobal
