
Microsoft Visual Studio Solution File, Format Version 12.00
# Visual Studio Version 17
VisualStudioVersion = 17.0.31919.166
MinimumVisualStudioVersion = 10.0.40219.1
Project("{FAE04EC0-301F-11D3-BF4B-00C04F79EFBC}") = "Aula-02", "Aula-02\Aula-02.csproj", "{D4F3B4F0-03B2-4842-930E-034AA1EE8E94}"
EndProject
Global
	GlobalSection(SolutionConfigurationPlatforms) = preSolution
		Debug|Any CPU = Debug|Any CPU
		Release|Any CPU = Release|Any CPU
	EndGlobalSection
	GlobalSection(ProjectConfigurationPlatforms) = postSolution
		{D4F3B4F0-03B2-4842-930E-034AA1EE8E94}.Debug|Any CPU.ActiveCfg = Debug|Any CPU
		{D4F3B4F0-03B2-4842-930E-034AA1EE8E94}.Debug|Any CPU.Build.0 = Debug|Any CPU
		{D4F3B4F0-03B2-4842-930E-034AA1EE8E94}.Release|Any CPU.ActiveCfg = Release|Any CPU
		{D4F3B4F0-03B2-4842-930E-034AA1EE8E94}.Release|Any CPU.Build.0 = Release|Any CPU
	EndGlobalSection
	GlobalSection(SolutionProperties) = preSolution
		HideSolutionNode = FALSE
	EndGlobalSection
	GlobalSection(ExtensibilityGlobals) = postSolution
		SolutionGuid = {6DF88068-51F0-45B5-ACA8-9CF61CEFDA1C}
	EndGlobalSection
EndGlobal
