
Microsoft Visual Studio Solution File, Format Version 12.00
# Visual Studio Version 17
VisualStudioVersion = 17.0.31919.166
MinimumVisualStudioVersion = 10.0.40219.1
Project("{FAE04EC0-301F-11D3-BF4B-00C04F79EFBC}") = "ProjetoPrimeiro", "ProjetoPrimeiro\ProjetoPrimeiro.csproj", "{72EFD7AD-0D48-4EFD-810C-B9ADFC3D1FE7}"
EndProject
Global
	GlobalSection(SolutionConfigurationPlatforms) = preSolution
		Debug|Any CPU = Debug|Any CPU
		Release|Any CPU = Release|Any CPU
	EndGlobalSection
	GlobalSection(ProjectConfigurationPlatforms) = postSolution
		{72EFD7AD-0D48-4EFD-810C-B9ADFC3D1FE7}.Debug|Any CPU.ActiveCfg = Debug|Any CPU
		{72EFD7AD-0D48-4EFD-810C-B9ADFC3D1FE7}.Debug|Any CPU.Build.0 = Debug|Any CPU
		{72EFD7AD-0D48-4EFD-810C-B9ADFC3D1FE7}.Release|Any CPU.ActiveCfg = Release|Any CPU
		{72EFD7AD-0D48-4EFD-810C-B9ADFC3D1FE7}.Release|Any CPU.Build.0 = Release|Any CPU
	EndGlobalSection
	GlobalSection(SolutionProperties) = preSolution
		HideSolutionNode = FALSE
	EndGlobalSection
	GlobalSection(ExtensibilityGlobals) = postSolution
		SolutionGuid = {DE9F3DF3-32E8-417F-B1AC-890AF6CDAF99}
	EndGlobalSection
EndGlobal
