
Microsoft Visual Studio Solution File, Format Version 12.00
# Visual Studio Version 17
VisualStudioVersion = 17.0.31919.166
MinimumVisualStudioVersion = 10.0.40219.1
Project("{FAE04EC0-301F-11D3-BF4B-00C04F79EFBC}") = "ejogos_api", "ejogos_api\ejogos_api.csproj", "{617138DF-0E0D-494F-B294-DE4A4F477F51}"
EndProject
Global
	GlobalSection(SolutionConfigurationPlatforms) = preSolution
		Debug|Any CPU = Debug|Any CPU
		Release|Any CPU = Release|Any CPU
	EndGlobalSection
	GlobalSection(ProjectConfigurationPlatforms) = postSolution
		{617138DF-0E0D-494F-B294-DE4A4F477F51}.Debug|Any CPU.ActiveCfg = Debug|Any CPU
		{617138DF-0E0D-494F-B294-DE4A4F477F51}.Debug|Any CPU.Build.0 = Debug|Any CPU
		{617138DF-0E0D-494F-B294-DE4A4F477F51}.Release|Any CPU.ActiveCfg = Release|Any CPU
		{617138DF-0E0D-494F-B294-DE4A4F477F51}.Release|Any CPU.Build.0 = Release|Any CPU
	EndGlobalSection
	GlobalSection(SolutionProperties) = preSolution
		HideSolutionNode = FALSE
	EndGlobalSection
	GlobalSection(ExtensibilityGlobals) = postSolution
		SolutionGuid = {D5E8E90B-2978-4B91-A0CC-846CAF8D85EE}
	EndGlobalSection
EndGlobal
