
Microsoft Visual Studio Solution File, Format Version 12.00
# Visual Studio Version 17
VisualStudioVersion = 17.0.31919.166
MinimumVisualStudioVersion = 10.0.40219.1
Project("{FAE04EC0-301F-11D3-BF4B-00C04F79EFBC}") = "Aula-06", "Aula-06\Aula-06.csproj", "{4BFD0E0F-DE30-4C7F-8050-B761522D93A5}"
EndProject
Global
	GlobalSection(SolutionConfigurationPlatforms) = preSolution
		Debug|Any CPU = Debug|Any CPU
		Release|Any CPU = Release|Any CPU
	EndGlobalSection
	GlobalSection(ProjectConfigurationPlatforms) = postSolution
		{4BFD0E0F-DE30-4C7F-8050-B761522D93A5}.Debug|Any CPU.ActiveCfg = Debug|Any CPU
		{4BFD0E0F-DE30-4C7F-8050-B761522D93A5}.Debug|Any CPU.Build.0 = Debug|Any CPU
		{4BFD0E0F-DE30-4C7F-8050-B761522D93A5}.Release|Any CPU.ActiveCfg = Release|Any CPU
		{4BFD0E0F-DE30-4C7F-8050-B761522D93A5}.Release|Any CPU.Build.0 = Release|Any CPU
	EndGlobalSection
	GlobalSection(SolutionProperties) = preSolution
		HideSolutionNode = FALSE
	EndGlobalSection
	GlobalSection(ExtensibilityGlobals) = postSolution
		SolutionGuid = {EB3AE4B4-F931-4E70-82AF-0FF4BE2BC43A}
	EndGlobalSection
EndGlobal
