
Microsoft Visual Studio Solution File, Format Version 12.00
# Visual Studio Version 17
VisualStudioVersion = 17.0.31919.166
MinimumVisualStudioVersion = 10.0.40219.1
Project("{FAE04EC0-301F-11D3-BF4B-00C04F79EFBC}") = "console_mvc", "console_mvc\console_mvc.csproj", "{BBAEF228-1B0E-4F51-8DD9-384EB934ECBF}"
EndProject
Global
	GlobalSection(SolutionConfigurationPlatforms) = preSolution
		Debug|Any CPU = Debug|Any CPU
		Release|Any CPU = Release|Any CPU
	EndGlobalSection
	GlobalSection(ProjectConfigurationPlatforms) = postSolution
		{BBAEF228-1B0E-4F51-8DD9-384EB934ECBF}.Debug|Any CPU.ActiveCfg = Debug|Any CPU
		{BBAEF228-1B0E-4F51-8DD9-384EB934ECBF}.Debug|Any CPU.Build.0 = Debug|Any CPU
		{BBAEF228-1B0E-4F51-8DD9-384EB934ECBF}.Release|Any CPU.ActiveCfg = Release|Any CPU
		{BBAEF228-1B0E-4F51-8DD9-384EB934ECBF}.Release|Any CPU.Build.0 = Release|Any CPU
	EndGlobalSection
	GlobalSection(SolutionProperties) = preSolution
		HideSolutionNode = FALSE
	EndGlobalSection
	GlobalSection(ExtensibilityGlobals) = postSolution
		SolutionGuid = {875F0C57-5916-4DD6-AFB9-303E0C667F19}
	EndGlobalSection
EndGlobal
